
Microsoft Visual Studio Solution File, Format Version 12.00
# Visual Studio Version 17
VisualStudioVersion = 17.14.36408.4 d17.14
MinimumVisualStudioVersion = 10.0.40219.1
Project("{FAE04EC0-301F-11D3-BF4B-00C04F79EFBC}") = "AzureProjectRazor", "AzureProjectRazor\AzureProjectRazor.csproj", "{668853A7-CFA0-43F6-8D5D-2C6323AF6E76}"
EndProject
Global
	GlobalSection(SolutionConfigurationPlatforms) = preSolution
		Debug|Any CPU = Debug|Any CPU
		Release|Any CPU = Release|Any CPU
	EndGlobalSection
	GlobalSection(ProjectConfigurationPlatforms) = postSolution
		{668853A7-CFA0-43F6-8D5D-2C6323AF6E76}.Debug|Any CPU.ActiveCfg = Debug|Any CPU
		{668853A7-CFA0-43F6-8D5D-2C6323AF6E76}.Debug|Any CPU.Build.0 = Debug|Any CPU
		{668853A7-CFA0-43F6-8D5D-2C6323AF6E76}.Release|Any CPU.ActiveCfg = Release|Any CPU
		{668853A7-CFA0-43F6-8D5D-2C6323AF6E76}.Release|Any CPU.Build.0 = Release|Any CPU
	EndGlobalSection
	GlobalSection(SolutionProperties) = preSolution
		HideSolutionNode = FALSE
	EndGlobalSection
	GlobalSection(ExtensibilityGlobals) = postSolution
		SolutionGuid = {55DF7E8D-B0F5-48CC-92D5-F7CB350AA651}
	EndGlobalSection
EndGlobal
